// !$*UTF8*$!
{
	archiveVersion = 1;
	classes = {
	};
	objectVersion = 55;
	objects = {

/* Begin PBXBuildFile section */
		840BBA41283F4C40005F885A /* AppDelegate.swift in Sources */ = {isa = PBXBuildFile; fileRef = 840BBA40283F4C40005F885A /* AppDelegate.swift */; };
		840BBA43283F4C40005F885A /* SceneDelegate.swift in Sources */ = {isa = PBXBuildFile; fileRef = 840BBA42283F4C40005F885A /* SceneDelegate.swift */; };
		840BBA48283F4C40005F885A /* Main.storyboard in Resources */ = {isa = PBXBuildFile; fileRef = 840BBA46283F4C40005F885A /* Main.storyboard */; };
		840BBA4A283F4C46005F885A /* Assets.xcassets in Resources */ = {isa = PBXBuildFile; fileRef = 840BBA49283F4C46005F885A /* Assets.xcassets */; };
		840BBA4D283F4C46005F885A /* LaunchScreen.storyboard in Resources */ = {isa = PBXBuildFile; fileRef = 840BBA4B283F4C46005F885A /* LaunchScreen.storyboard */; };
		840BBA58283F53E5005F885A /* video_1.mp4 in Resources */ = {isa = PBXBuildFile; fileRef = 840BBA57283F53E5005F885A /* video_1.mp4 */; };
		840BBA5A283F53F9005F885A /* video_2.mp4 in Resources */ = {isa = PBXBuildFile; fileRef = 840BBA59283F53F9005F885A /* video_2.mp4 */; };
		846BB90E284409EF00541516 /* PlayerViewController.swift in Sources */ = {isa = PBXBuildFile; fileRef = 846BB90D284409EF00541516 /* PlayerViewController.swift */; };
		846BB91028440AAC00541516 /* SearchViewController.swift in Sources */ = {isa = PBXBuildFile; fileRef = 846BB90F28440AAC00541516 /* SearchViewController.swift */; };
		846BB91328440BDF00541516 /* APIManager.swift in Sources */ = {isa = PBXBuildFile; fileRef = 846BB91228440BDF00541516 /* APIManager.swift */; };
/* End PBXBuildFile section */

/* Begin PBXFileReference section */
		840BBA3D283F4C40005F885A /* videoTestApp.app */ = {isa = PBXFileReference; explicitFileType = wrapper.application; includeInIndex = 0; path = videoTestApp.app; sourceTree = BUILT_PRODUCTS_DIR; };
		840BBA40283F4C40005F885A /* AppDelegate.swift */ = {isa = PBXFileReference; lastKnownFileType = sourcecode.swift; path = AppDelegate.swift; sourceTree = "<group>"; };
		840BBA42283F4C40005F885A /* SceneDelegate.swift */ = {isa = PBXFileReference; lastKnownFileType = sourcecode.swift; path = SceneDelegate.swift; sourceTree = "<group>"; };
		840BBA47283F4C40005F885A /* Base */ = {isa = PBXFileReference; lastKnownFileType = file.storyboard; name = Base; path = Base.lproj/Main.storyboard; sourceTree = "<group>"; };
		840BBA49283F4C46005F885A /* Assets.xcassets */ = {isa = PBXFileReference; lastKnownFileType = folder.assetcatalog; path = Assets.xcassets; sourceTree = "<group>"; };
		840BBA4C283F4C46005F885A /* Base */ = {isa = PBXFileReference; lastKnownFileType = file.storyboard; name = Base; path = Base.lproj/LaunchScreen.storyboard; sourceTree = "<group>"; };
		840BBA4E283F4C46005F885A /* Info.plist */ = {isa = PBXFileReference; lastKnownFileType = text.plist.xml; path = Info.plist; sourceTree = "<group>"; };
		840BBA57283F53E5005F885A /* video_1.mp4 */ = {isa = PBXFileReference; lastKnownFileType = file; name = video_1.mp4; path = Assets.xcassets/video_1.dataset/video_1.mp4; sourceTree = "<group>"; };
		840BBA59283F53F9005F885A /* video_2.mp4 */ = {isa = PBXFileReference; lastKnownFileType = file; name = video_2.mp4; path = Assets.xcassets/video_2.dataset/video_2.mp4; sourceTree = "<group>"; };
		840BBA5B283F5405005F885A /* video_3.mp4 */ = {isa = PBXFileReference; lastKnownFileType = file; name = video_3.mp4; path = Assets.xcassets/video_3.dataset/video_3.mp4; sourceTree = "<group>"; };
		846BB90D284409EF00541516 /* PlayerViewController.swift */ = {isa = PBXFileReference; lastKnownFileType = sourcecode.swift; path = PlayerViewController.swift; sourceTree = "<group>"; };
		846BB90F28440AAC00541516 /* SearchViewController.swift */ = {isa = PBXFileReference; lastKnownFileType = sourcecode.swift; path = SearchViewController.swift; sourceTree = "<group>"; };
		846BB91228440BDF00541516 /* APIManager.swift */ = {isa = PBXFileReference; lastKnownFileType = sourcecode.swift; path = APIManager.swift; sourceTree = "<group>"; };
/* End PBXFileReference section */

/* Begin PBXFrameworksBuildPhase section */
		840BBA3A283F4C40005F885A /* Frameworks */ = {
			isa = PBXFrameworksBuildPhase;
			buildActionMask = 2147483647;
			files = (
			);
			runOnlyForDeploymentPostprocessing = 0;
		};
/* End PBXFrameworksBuildPhase section */

/* Begin PBXGroup section */
		840BBA34283F4C40005F885A = {
			isa = PBXGroup;
			children = (
				840BBA3F283F4C40005F885A /* videoTestApp */,
				840BBA3E283F4C40005F885A /* Products */,
			);
			sourceTree = "<group>";
		};
		840BBA3E283F4C40005F885A /* Products */ = {
			isa = PBXGroup;
			children = (
				840BBA3D283F4C40005F885A /* videoTestApp.app */,
			);
			name = Products;
			sourceTree = "<group>";
		};
		840BBA3F283F4C40005F885A /* videoTestApp */ = {
			isa = PBXGroup;
			children = (
				840BBA57283F53E5005F885A /* video_1.mp4 */,
				840BBA59283F53F9005F885A /* video_2.mp4 */,
				840BBA5B283F5405005F885A /* video_3.mp4 */,
				840BBA40283F4C40005F885A /* AppDelegate.swift */,
				840BBA42283F4C40005F885A /* SceneDelegate.swift */,
				846BB91128440BAF00541516 /* API */,
				846BB90C284409BA00541516 /* Controllers */,
				846BB9142845731800541516 /* Models */,
				840BBA46283F4C40005F885A /* Main.storyboard */,
				840BBA49283F4C46005F885A /* Assets.xcassets */,
				840BBA4B283F4C46005F885A /* LaunchScreen.storyboard */,
				840BBA4E283F4C46005F885A /* Info.plist */,
			);
			path = videoTestApp;
			sourceTree = "<group>";
		};
		846BB90C284409BA00541516 /* Controllers */ = {
			isa = PBXGroup;
			children = (
				846BB90D284409EF00541516 /* PlayerViewController.swift */,
				846BB90F28440AAC00541516 /* SearchViewController.swift */,
			);
			path = Controllers;
			sourceTree = "<group>";
		};
		846BB91128440BAF00541516 /* API */ = {
			isa = PBXGroup;
			children = (
				846BB91228440BDF00541516 /* APIManager.swift */,
			);
			path = API;
			sourceTree = "<group>";
		};
		846BB9142845731800541516 /* Models */ = {
			isa = PBXGroup;
			children = (
			);
			path = Models;
			sourceTree = "<group>";
		};
/* End PBXGroup section */

/* Begin PBXNativeTarget section */
		840BBA3C283F4C40005F885A /* videoTestApp */ = {
			isa = PBXNativeTarget;
			buildConfigurationList = 840BBA51283F4C46005F885A /* Build configuration list for PBXNativeTarget "videoTestApp" */;
			buildPhases = (
				840BBA39283F4C40005F885A /* Sources */,
				840BBA3A283F4C40005F885A /* Frameworks */,
				840BBA3B283F4C40005F885A /* Resources */,
			);
			buildRules = (
			);
			dependencies = (
			);
			name = videoTestApp;
			productName = videoTestApp;
			productReference = 840BBA3D283F4C40005F885A /* videoTestApp.app */;
			productType = "com.apple.product-type.application";
		};
/* End PBXNativeTarget section */

/* Begin PBXProject section */
		840BBA35283F4C40005F885A /* Project object */ = {
			isa = PBXProject;
			attributes = {
				BuildIndependentTargetsInParallel = 1;
				LastSwiftUpdateCheck = 1320;
				LastUpgradeCheck = 1320;
				TargetAttributes = {
					840BBA3C283F4C40005F885A = {
						CreatedOnToolsVersion = 13.2.1;
					};
				};
			};
			buildConfigurationList = 840BBA38283F4C40005F885A /* Build configuration list for PBXProject "videoTestApp" */;
			compatibilityVersion = "Xcode 13.0";
			developmentRegion = en;
			hasScannedForEncodings = 0;
			knownRegions = (
				en,
				Base,
			);
			mainGroup = 840BBA34283F4C40005F885A;
			productRefGroup = 840BBA3E283F4C40005F885A /* Products */;
			projectDirPath = "";
			projectRoot = "";
			targets = (
				840BBA3C283F4C40005F885A /* videoTestApp */,
			);
		};
/* End PBXProject section */

/* Begin PBXResourcesBuildPhase section */
		840BBA3B283F4C40005F885A /* Resources */ = {
			isa = PBXResourcesBuildPhase;
			buildActionMask = 2147483647;
			files = (
				840BBA4D283F4C46005F885A /* LaunchScreen.storyboard in Resources */,
				840BBA58283F53E5005F885A /* video_1.mp4 in Resources */,
				840BBA4A283F4C46005F885A /* Assets.xcassets in Resources */,
				840BBA5A283F53F9005F885A /* video_2.mp4 in Resources */,
				840BBA48283F4C40005F885A /* Main.storyboard in Resources */,
			);
			runOnlyForDeploymentPostprocessing = 0;
		};
/* End PBXResourcesBuildPhase section */

/* Begin PBXSourcesBuildPhase section */
		840BBA39283F4C40005F885A /* Sources */ = {
			isa = PBXSourcesBuildPhase;
			buildActionMask = 2147483647;
			files = (
				846BB91028440AAC00541516 /* SearchViewController.swift in Sources */,
				846BB90E284409EF00541516 /* PlayerViewController.swift in Sources */,
				846BB91328440BDF00541516 /* APIManager.swift in Sources */,
				840BBA41283F4C40005F885A /* AppDelegate.swift in Sources */,
				840BBA43283F4C40005F885A /* SceneDelegate.swift in Sources */,
			);
			runOnlyForDeploymentPostprocessing = 0;
		};
/* End PBXSourcesBuildPhase section */

/* Begin PBXVariantGroup section */
		840BBA46283F4C40005F885A /* Main.storyboard */ = {
			isa = PBXVariantGroup;
			children = (
				840BBA47283F4C40005F885A /* Base */,
			);
			name = Main.storyboard;
			sourceTree = "<group>";
		};
		840BBA4B283F4C46005F885A /* LaunchScreen.storyboard */ = {
			isa = PBXVariantGroup;
			children = (
				840BBA4C283F4C46005F885A /* Base */,
			);
			name = LaunchScreen.storyboard;
			sourceTree = "<group>";
		};
/* End PBXVariantGroup section */

/* Begin XCBuildConfiguration section */
		840BBA4F283F4C46005F885A /* Debug */ = {
			isa = XCBuildConfiguration;
			buildSettings = {
				ALWAYS_SEARCH_USER_PATHS = NO;
				CLANG_ANALYZER_NONNULL = YES;
				CLANG_ANALYZER_NUMBER_OBJECT_CONVERSION = YES_AGGRESSIVE;
				CLANG_CXX_LANGUAGE_STANDARD = "gnu++17";
				CLANG_CXX_LIBRARY = "libc++";
				CLANG_ENABLE_MODULES = YES;
				CLANG_ENABLE_OBJC_ARC = YES;
				CLANG_ENABLE_OBJC_WEAK = YES;
				CLANG_WARN_BLOCK_CAPTURE_AUTORELEASING = YES;
				CLANG_WARN_BOOL_CONVERSION = YES;
				CLANG_WARN_COMMA = YES;
				CLANG_WARN_CONSTANT_CONVERSION = YES;
				CLANG_WARN_DEPRECATED_OBJC_IMPLEMENTATIONS = YES;
				CLANG_WARN_DIRECT_OBJC_ISA_USAGE = YES_ERROR;
				CLANG_WARN_DOCUMENTATION_COMMENTS = YES;
				CLANG_WARN_EMPTY_BODY = YES;
				CLANG_WARN_ENUM_CONVERSION = YES;
				CLANG_WARN_INFINITE_RECURSION = YES;
				CLANG_WARN_INT_CONVERSION = YES;
				CLANG_WARN_NON_LITERAL_NULL_CONVERSION = YES;
				CLANG_WARN_OBJC_IMPLICIT_RETAIN_SELF = YES;
				CLANG_WARN_OBJC_LITERAL_CONVERSION = YES;
				CLANG_WARN_OBJC_ROOT_CLASS = YES_ERROR;
				CLANG_WARN_QUOTED_INCLUDE_IN_FRAMEWORK_HEADER = YES;
				CLANG_WARN_RANGE_LOOP_ANALYSIS = YES;
				CLANG_WARN_STRICT_PROTOTYPES = YES;
				CLANG_WARN_SUSPICIOUS_MOVE = YES;
				CLANG_WARN_UNGUARDED_AVAILABILITY = YES_AGGRESSIVE;
				CLANG_WARN_UNREACHABLE_CODE = YES;
				CLANG_WARN__DUPLICATE_METHOD_MATCH = YES;
				COPY_PHASE_STRIP = NO;
				DEBUG_INFORMATION_FORMAT = dwarf;
				ENABLE_STRICT_OBJC_MSGSEND = YES;
				ENABLE_TESTABILITY = YES;
				GCC_C_LANGUAGE_STANDARD = gnu11;
				GCC_DYNAMIC_NO_PIC = NO;
				GCC_NO_COMMON_BLOCKS = YES;
				GCC_OPTIMIZATION_LEVEL = 0;
				GCC_PREPROCESSOR_DEFINITIONS = (
					"DEBUG=1",
					"$(inherited)",
				);
				GCC_WARN_64_TO_32_BIT_CONVERSION = YES;
				GCC_WARN_ABOUT_RETURN_TYPE = YES_ERROR;
				GCC_WARN_UNDECLARED_SELECTOR = YES;
				GCC_WARN_UNINITIALIZED_AUTOS = YES_AGGRESSIVE;
				GCC_WARN_UNUSED_FUNCTION = YES;
				GCC_WARN_UNUSED_VARIABLE = YES;
				IPHONEOS_DEPLOYMENT_TARGET = 15.2;
				MTL_ENABLE_DEBUG_INFO = INCLUDE_SOURCE;
				MTL_FAST_MATH = YES;
				ONLY_ACTIVE_ARCH = YES;
				SDKROOT = iphoneos;
				SWIFT_ACTIVE_COMPILATION_CONDITIONS = DEBUG;
				SWIFT_OPTIMIZATION_LEVEL = "-Onone";
			};
			name = Debug;
		};
		840BBA50283F4C46005F885A /* Release */ = {
			isa = XCBuildConfiguration;
			buildSettings = {
				ALWAYS_SEARCH_USER_PATHS = NO;
				CLANG_ANALYZER_NONNULL = YES;
				CLANG_ANALYZER_NUMBER_OBJECT_CONVERSION = YES_AGGRESSIVE;
				CLANG_CXX_LANGUAGE_STANDARD = "gnu++17";
				CLANG_CXX_LIBRARY = "libc++";
				CLANG_ENABLE_MODULES = YES;
				CLANG_ENABLE_OBJC_ARC = YES;
				CLANG_ENABLE_OBJC_WEAK = YES;
				CLANG_WARN_BLOCK_CAPTURE_AUTORELEASING = YES;
				CLANG_WARN_BOOL_CONVERSION = YES;
				CLANG_WARN_COMMA = YES;
				CLANG_WARN_CONSTANT_CONVERSION = YES;
				CLANG_WARN_DEPRECATED_OBJC_IMPLEMENTATIONS = YES;
				CLANG_WARN_DIRECT_OBJC_ISA_USAGE = YES_ERROR;
				CLANG_WARN_DOCUMENTATION_COMMENTS = YES;
				CLANG_WARN_EMPTY_BODY = YES;
				CLANG_WARN_ENUM_CONVERSION = YES;
				CLANG_WARN_INFINITE_RECURSION = YES;
				CLANG_WARN_INT_CONVERSION = YES;
				CLANG_WARN_NON_LITERAL_NULL_CONVERSION = YES;
				CLANG_WARN_OBJC_IMPLICIT_RETAIN_SELF = YES;
				CLANG_WARN_OBJC_LITERAL_CONVERSION = YES;
				CLANG_WARN_OBJC_ROOT_CLASS = YES_ERROR;
				CLANG_WARN_QUOTED_INCLUDE_IN_FRAMEWORK_HEADER = YES;
				CLANG_WARN_RANGE_LOOP_ANALYSIS = YES;
				CLANG_WARN_STRICT_PROTOTYPES = YES;
				CLANG_WARN_SUSPICIOUS_MOVE = YES;
				CLANG_WARN_UNGUARDED_AVAILABILITY = YES_AGGRESSIVE;
				CLANG_WARN_UNREACHABLE_CODE = YES;
				CLANG_WARN__DUPLICATE_METHOD_MATCH = YES;
				COPY_PHASE_STRIP = NO;
				DEBUG_INFORMATION_FORMAT = "dwarf-with-dsym";
				ENABLE_NS_ASSERTIONS = NO;
				ENABLE_STRICT_OBJC_MSGSEND = YES;
				GCC_C_LANGUAGE_STANDARD = gnu11;
				GCC_NO_COMMON_BLOCKS = YES;
				GCC_WARN_64_TO_32_BIT_CONVERSION = YES;
				GCC_WARN_ABOUT_RETURN_TYPE = YES_ERROR;
				GCC_WARN_UNDECLARED_SELECTOR = YES;
				GCC_WARN_UNINITIALIZED_AUTOS = YES_AGGRESSIVE;
				GCC_WARN_UNUSED_FUNCTION = YES;
				GCC_WARN_UNUSED_VARIABLE = YES;
				IPHONEOS_DEPLOYMENT_TARGET = 15.2;
				MTL_ENABLE_DEBUG_INFO = NO;
				MTL_FAST_MATH = YES;
				SDKROOT = iphoneos;
				SWIFT_COMPILATION_MODE = wholemodule;
				SWIFT_OPTIMIZATION_LEVEL = "-O";
				VALIDATE_PRODUCT = YES;
			};
			name = Release;
		};
		840BBA52283F4C46005F885A /* Debug */ = {
			isa = XCBuildConfiguration;
			buildSettings = {
				ASSETCATALOG_COMPILER_APPICON_NAME = AppIcon;
				ASSETCATALOG_COMPILER_GLOBAL_ACCENT_COLOR_NAME = AccentColor;
				CODE_SIGN_STYLE = Automatic;
				CURRENT_PROJECT_VERSION = 1;
				DEVELOPMENT_TEAM = BBNB69K57G;
				GENERATE_INFOPLIST_FILE = YES;
				INFOPLIST_FILE = videoTestApp/Info.plist;
				INFOPLIST_KEY_UIApplicationSupportsIndirectInputEvents = YES;
				INFOPLIST_KEY_UILaunchStoryboardName = LaunchScreen;
				INFOPLIST_KEY_UIMainStoryboardFile = Main;
				INFOPLIST_KEY_UISupportedInterfaceOrientations_iPad = "UIInterfaceOrientationPortrait UIInterfaceOrientationPortraitUpsideDown UIInterfaceOrientationLandscapeLeft UIInterfaceOrientationLandscapeRight";
				INFOPLIST_KEY_UISupportedInterfaceOrientations_iPhone = "UIInterfaceOrientationPortrait UIInterfaceOrientationLandscapeLeft UIInterfaceOrientationLandscapeRight";
				LD_RUNPATH_SEARCH_PATHS = (
					"$(inherited)",
					"@executable_path/Frameworks",
				);
				MARKETING_VERSION = 1.0;
				PRODUCT_BUNDLE_IDENTIFIER = com.codepath.videoTestApp;
				PRODUCT_NAME = "$(TARGET_NAME)";
				SWIFT_EMIT_LOC_STRINGS = YES;
				SWIFT_VERSION = 5.0;
				TARGETED_DEVICE_FAMILY = "1,2";
			};
			name = Debug;
		};
		840BBA53283F4C46005F885A /* Release */ = {
			isa = XCBuildConfiguration;
			buildSettings = {
				ASSETCATALOG_COMPILER_APPICON_NAME = AppIcon;
				ASSETCATALOG_COMPILER_GLOBAL_ACCENT_COLOR_NAME = AccentColor;
				CODE_SIGN_STYLE = Automatic;
				CURRENT_PROJECT_VERSION = 1;
				DEVELOPMENT_TEAM = BBNB69K57G;
				GENERATE_INFOPLIST_FILE = YES;
				INFOPLIST_FILE = videoTestApp/Info.plist;
				INFOPLIST_KEY_UIApplicationSupportsIndirectInputEvents = YES;
				INFOPLIST_KEY_UILaunchStoryboardName = LaunchScreen;
				INFOPLIST_KEY_UIMainStoryboardFile = Main;
				INFOPLIST_KEY_UISupportedInterfaceOrientations_iPad = "UIInterfaceOrientationPortrait UIInterfaceOrientationPortraitUpsideDown UIInterfaceOrientationLandscapeLeft UIInterfaceOrientationLandscapeRight";
				INFOPLIST_KEY_UISupportedInterfaceOrientations_iPhone = "UIInterfaceOrientationPortrait UIInterfaceOrientationLandscapeLeft UIInterfaceOrientationLandscapeRight";
				LD_RUNPATH_SEARCH_PATHS = (
					"$(inherited)",
					"@executable_path/Frameworks",
				);
				MARKETING_VERSION = 1.0;
				PRODUCT_BUNDLE_IDENTIFIER = com.codepath.videoTestApp;
				PRODUCT_NAME = "$(TARGET_NAME)";
				SWIFT_EMIT_LOC_STRINGS = YES;
				SWIFT_VERSION = 5.0;
				TARGETED_DEVICE_FAMILY = "1,2";
			};
			name = Release;
		};
/* End XCBuildConfiguration section */

/* Begin XCConfigurationList section */
		840BBA38283F4C40005F885A /* Build configuration list for PBXProject "videoTestApp" */ = {
			isa = XCConfigurationList;
			buildConfigurations = (
				840BBA4F283F4C46005F885A /* Debug */,
				840BBA50283F4C46005F885A /* Release */,
			);
			defaultConfigurationIsVisible = 0;
			defaultConfigurationName = Release;
		};
		840BBA51283F4C46005F885A /* Build configuration list for PBXNativeTarget "videoTestApp" */ = {
			isa = XCConfigurationList;
			buildConfigurations = (
				840BBA52283F4C46005F885A /* Debug */,
				840BBA53283F4C46005F885A /* Release */,
			);
			defaultConfigurationIsVisible = 0;
			defaultConfigurationName = Release;
		};
/* End XCConfigurationList section */
	};
	rootObject = 840BBA35283F4C40005F885A /* Project object */;
}
